{
  "requires": true,
  "lockfileVersion": 1,
  "dependencies": {
    "big-integer": {
      "version": "1.6.26",
      "resolved": "https://registry.npmjs.org/big-integer/-/big-integer-1.6.26.tgz",
      "integrity": "sha1-OvFnL6Ytry1eyvrPblqg0l4Cwcg="
    },
    "bn": {
      "version": "1.0.1",
      "resolved": "https://registry.npmjs.org/bn/-/bn-1.0.1.tgz",
      "integrity": "sha1-oVOCXmsessLbdyYUmwR6B84KO7M="
    },
    "complex.js": {
      "version": "2.0.4",
      "resolved": "https://registry.npmjs.org/complex.js/-/complex.js-2.0.4.tgz",
      "integrity": "sha512-Syl95HpxUTS0QjwNxencZsKukgh1zdS9uXeXX2Us0pHaqBR6kiZZi0AkZ9VpZFwHJyVIUVzI4EumjWdXP3fy6w=="
    },
    "decimal.js": {
      "version": "9.0.1",
      "resolved": "https://registry.npmjs.org/decimal.js/-/decimal.js-9.0.1.tgz",
      "integrity": "sha512-2h0iKbJwnImBk4TGk7CG1xadoA0g3LDPlQhQzbZ221zvG0p2YVUedbKIPsOZXKZGx6YmZMJKYOalpCMxSdDqTQ=="
    },
    "escape-latex": {
      "version": "1.0.0",
      "resolved": "https://registry.npmjs.org/escape-latex/-/escape-latex-1.0.0.tgz",
      "integrity": "sha512-oogO9Cg3n/4nspF34CTfXFymgI79skca66DebIIQgxVy6qRVqczl/ji2YGAqhFCzpD/oAt/fCWF4qlhMAfda+g=="
    },
    "fermat": {
      "version": "1.0.6",
      "resolved": "https://registry.npmjs.org/fermat/-/fermat-1.0.6.tgz",
      "integrity": "sha1-qqYEoOewgtYn+Pnnpq70wCBzhbQ=",
      "requires": {
        "bn": "1.0.1",
        "lodash.isstring": "4.0.1"
      }
    },
    "fraction.js": {
      "version": "4.0.4",
      "resolved": "https://registry.npmjs.org/fraction.js/-/fraction.js-4.0.4.tgz",
      "integrity": "sha512-aK/oGatyYLTtXRHjfEsytX5fieeR5H4s8sLorzcT12taFS+dbMZejnvm9gRa8mZAPwci24ucjq9epDyaq5u8Iw=="
    },
    "get-permutations": {
      "version": "1.0.0",
      "resolved": "https://registry.npmjs.org/get-permutations/-/get-permutations-1.0.0.tgz",
      "integrity": "sha1-Hhf8F76J0vzXQPTLuyfo4+gbHzw="
    },
    "get-unique-permutations": {
      "version": "1.0.0",
      "resolved": "https://registry.npmjs.org/get-unique-permutations/-/get-unique-permutations-1.0.0.tgz",
      "integrity": "sha1-fb4FXoHhi4vo7LA5LPWDmUYK71I=",
      "requires": {
        "get-permutations": "1.0.0"
      }
    },
    "heaps-permute": {
      "version": "2.0.3",
      "resolved": "https://registry.npmjs.org/heaps-permute/-/heaps-permute-2.0.3.tgz",
      "integrity": "sha1-AwZ8lZbO5z6TdZPBQRoTUdmXMus="
    },
    "iconv-lite": {
      "version": "0.4.19",
      "resolved": "https://registry.npmjs.org/iconv-lite/-/iconv-lite-0.4.19.tgz",
      "integrity": "sha512-oTZqweIP51xaGPI4uPa56/Pri/480R+mo7SeU+YETByQNhDG55ycFyNLIgta9vXhILrxXDmF7ZGhqZIcuN0gJQ=="
    },
    "javascript-natural-sort": {
      "version": "0.7.1",
      "resolved": "https://registry.npmjs.org/javascript-natural-sort/-/javascript-natural-sort-0.7.1.tgz",
      "integrity": "sha1-+eIwPUUH9tdDVac2ZNFED7Wg71k="
    },
    "jschardet": {
      "version": "1.6.0",
      "resolved": "https://registry.npmjs.org/jschardet/-/jschardet-1.6.0.tgz",
      "integrity": "sha512-xYuhvQ7I9PDJIGBWev9xm0+SMSed3ZDBAmvVjbFR1ZRLAF+vlXcQu6cRI9uAlj81rzikElRVteehwV7DuX2ZmQ=="
    },
    "lodash.isstring": {
      "version": "4.0.1",
      "resolved": "https://registry.npmjs.org/lodash.isstring/-/lodash.isstring-4.0.1.tgz",
      "integrity": "sha1-1SfftUVuynzJu5XV2ur4i6VKVFE="
    },
    "mathjs": {
      "version": "4.0.0",
      "resolved": "https://registry.npmjs.org/mathjs/-/mathjs-4.0.0.tgz",
      "integrity": "sha512-8MiwG5kGDrN5VhvdoFZpezEmVeY+Zi1Sq1Piy79xnCXZ+Fac3/2fAAgwKmYTcj/Zx0thnTs7KTPhX+f8boow1g==",
      "requires": {
        "complex.js": "2.0.4",
        "decimal.js": "9.0.1",
        "escape-latex": "1.0.0",
        "fraction.js": "4.0.4",
        "javascript-natural-sort": "0.7.1",
        "seed-random": "2.2.0",
        "tiny-emitter": "2.0.2",
        "typed-function": "1.0.1"
      }
    },
    "node-fetch": {
      "version": "2.1.1",
      "resolved": "https://registry.npmjs.org/node-fetch/-/node-fetch-2.1.1.tgz",
      "integrity": "sha1-NpynC4L1DIZJYQSmx3bSdPTkotQ="
    },
    "number-to-words": {
      "version": "1.2.3",
      "resolved": "https://registry.npmjs.org/number-to-words/-/number-to-words-1.2.3.tgz",
      "integrity": "sha1-S3E6sMJAFZERh6CgO1kQNWnX9Js="
    },
    "range": {
      "version": "0.0.3",
      "resolved": "https://registry.npmjs.org/range/-/range-0.0.3.tgz",
      "integrity": "sha1-tbjrJGOlFrYkpWO9MrGP6J5wFRs="
    },
    "read-text-file": {
      "version": "1.1.0",
      "resolved": "https://registry.npmjs.org/read-text-file/-/read-text-file-1.1.0.tgz",
      "integrity": "sha1-0MPxh2iCj5EH1huws2jue5D3GJM=",
      "requires": {
        "iconv-lite": "0.4.19",
        "jschardet": "1.6.0"
      }
    },
    "seed-random": {
      "version": "2.2.0",
      "resolved": "https://registry.npmjs.org/seed-random/-/seed-random-2.2.0.tgz",
      "integrity": "sha1-KpsZ4lCoFwmSMaW5mk2vgLf77VQ="
    },
    "tiny-emitter": {
      "version": "2.0.2",
      "resolved": "https://registry.npmjs.org/tiny-emitter/-/tiny-emitter-2.0.2.tgz",
      "integrity": "sha512-2NM0auVBGft5tee/OxP4PI3d8WItkDM+fPnaRAVo6xTDI2knbz9eC5ArWGqtGlYqiH3RU5yMpdyTTO7MguC4ow=="
    },
    "typed-function": {
      "version": "1.0.1",
      "resolved": "https://registry.npmjs.org/typed-function/-/typed-function-1.0.1.tgz",
      "integrity": "sha512-Ie5d+HS39FU+sKj5nzcSV9pucMOtHsomaZPaxX9CWnxeqcdBkGl0cGKx1xd5v+b1czUd1iVa/RMZbsN8wnfGPg=="
    }
  }
}
